// !$*UTF8*$!
{
	archiveVersion = 1;
	classes = {
	};
	objectVersion = 56;
	objects = {

/* Begin PBXBuildFile section */
		020D9C422A4E3A3200958A6D /* AccountView.swift in Sources */ = {isa = PBXBuildFile; fileRef = 020D9C412A4E3A3200958A6D /* AccountView.swift */; };
		0219261D2A2FD7BC00B1B314 /* TraceDetailView.swift in Sources */ = {isa = PBXBuildFile; fileRef = 0219261C2A2FD7BC00B1B314 /* TraceDetailView.swift */; };
		0219261F2A2FD90100B1B314 /* Trace.swift in Sources */ = {isa = PBXBuildFile; fileRef = 0219261E2A2FD90100B1B314 /* Trace.swift */; };
		021D2C202A23F4CF001BCA8D /* TraceTile.swift in Sources */ = {isa = PBXBuildFile; fileRef = 021D2C1F2A23F4CF001BCA8D /* TraceTile.swift */; };
		02376E0D2A3E0B7200257B5D /* LocationManager.swift in Sources */ = {isa = PBXBuildFile; fileRef = 02376E0C2A3E0B7200257B5D /* LocationManager.swift */; };
		02376E102A3F70C700257B5D /* ThemeManager.swift in Sources */ = {isa = PBXBuildFile; fileRef = 02376E0F2A3F70C700257B5D /* ThemeManager.swift */; };
		0243FC622A324007007D097D /* Supabase in Frameworks */ = {isa = PBXBuildFile; productRef = 0243FC612A324007007D097D /* Supabase */; };
		0243FC642A324180007D097D /* SupabaseManager.swift in Sources */ = {isa = PBXBuildFile; fileRef = 0243FC632A324180007D097D /* SupabaseManager.swift */; };
		0243FC682A327463007D097D /* _Secrets.swift in Sources */ = {isa = PBXBuildFile; fileRef = 0243FC672A327463007D097D /* _Secrets.swift */; };
		0243FC742A328E9B007D097D /* ProfileView.swift in Sources */ = {isa = PBXBuildFile; fileRef = 0243FC732A328E9B007D097D /* ProfileView.swift */; };
		026BB7702A3BA144000B765E /* CategoryTag.swift in Sources */ = {isa = PBXBuildFile; fileRef = 026BB76F2A3BA144000B765E /* CategoryTag.swift */; };
		028250A82A38FE8300B281DA /* MapboxMaps in Frameworks */ = {isa = PBXBuildFile; productRef = 028250A72A38FE8300B281DA /* MapboxMaps */; };
		028250AA2A39017B00B281DA /* MapBox.swift in Sources */ = {isa = PBXBuildFile; fileRef = 028250A92A39017B00B281DA /* MapBox.swift */; };
		028635002A18533700BCDF35 /* SettingsView.swift in Sources */ = {isa = PBXBuildFile; fileRef = 028634FF2A18533700BCDF35 /* SettingsView.swift */; };
		028635082A18544800BCDF35 /* MapPageView.swift in Sources */ = {isa = PBXBuildFile; fileRef = 028635072A18544800BCDF35 /* MapPageView.swift */; };
		028635102A18566600BCDF35 /* HomeView.swift in Sources */ = {isa = PBXBuildFile; fileRef = 0286350F2A18566600BCDF35 /* HomeView.swift */; };
		0287BE122A350484006B9CCD /* CircularProgressView.swift in Sources */ = {isa = PBXBuildFile; fileRef = 0287BE112A350484006B9CCD /* CircularProgressView.swift */; };
		028BA33E2A377C44000BD0C0 /* CustomTabBarView.swift in Sources */ = {isa = PBXBuildFile; fileRef = 028BA33D2A377C44000BD0C0 /* CustomTabBarView.swift */; };
		028BA3402A3791FF000BD0C0 /* FilterDropdown.swift in Sources */ = {isa = PBXBuildFile; fileRef = 028BA33F2A3791FF000BD0C0 /* FilterDropdown.swift */; };
		028FF0A72A184F080058EB57 /* TracesApp.swift in Sources */ = {isa = PBXBuildFile; fileRef = 028FF0A62A184F080058EB57 /* TracesApp.swift */; };
		028FF0A92A184F080058EB57 /* ContentView.swift in Sources */ = {isa = PBXBuildFile; fileRef = 028FF0A82A184F080058EB57 /* ContentView.swift */; };
		028FF0AB2A184F090058EB57 /* Assets.xcassets in Resources */ = {isa = PBXBuildFile; fileRef = 028FF0AA2A184F090058EB57 /* Assets.xcassets */; };
		028FF0AE2A184F090058EB57 /* Preview Assets.xcassets in Resources */ = {isa = PBXBuildFile; fileRef = 028FF0AD2A184F090058EB57 /* Preview Assets.xcassets */; };
		028FF0BD2A184F090058EB57 /* TracesTests.swift in Sources */ = {isa = PBXBuildFile; fileRef = 028FF0BC2A184F090058EB57 /* TracesTests.swift */; };
		028FF0C72A184F090058EB57 /* TracesUITests.swift in Sources */ = {isa = PBXBuildFile; fileRef = 028FF0C62A184F090058EB57 /* TracesUITests.swift */; };
		028FF0C92A184F090058EB57 /* TracesUITestsLaunchTests.swift in Sources */ = {isa = PBXBuildFile; fileRef = 028FF0C82A184F090058EB57 /* TracesUITestsLaunchTests.swift */; };
		02952D722A1E85C900793283 /* PopupView in Frameworks */ = {isa = PBXBuildFile; productRef = 02952D712A1E85C900793283 /* PopupView */; };
		02952D742A1E88D100793283 /* NewTracePopup.swift in Sources */ = {isa = PBXBuildFile; fileRef = 02952D732A1E88D100793283 /* NewTracePopup.swift */; };
		02956F292A4B50BE00E8537C /* MapboxStatic in Frameworks */ = {isa = PBXBuildFile; productRef = 02956F282A4B50BE00E8537C /* MapboxStatic */; };
		02956F2B2A4B56AB00E8537C /* AuthView.swift in Sources */ = {isa = PBXBuildFile; fileRef = 02956F2A2A4B56AB00E8537C /* AuthView.swift */; };
		02956F2F2A4B57FF00E8537C /* AuthManager.swift in Sources */ = {isa = PBXBuildFile; fileRef = 02956F2E2A4B57FF00E8537C /* AuthManager.swift */; };
/* End PBXBuildFile section */

/* Begin PBXContainerItemProxy section */
		028FF0B92A184F090058EB57 /* PBXContainerItemProxy */ = {
			isa = PBXContainerItemProxy;
			containerPortal = 028FF09B2A184F080058EB57 /* Project object */;
			proxyType = 1;
			remoteGlobalIDString = 028FF0A22A184F080058EB57;
			remoteInfo = Traces;
		};
		028FF0C32A184F090058EB57 /* PBXContainerItemProxy */ = {
			isa = PBXContainerItemProxy;
			containerPortal = 028FF09B2A184F080058EB57 /* Project object */;
			proxyType = 1;
			remoteGlobalIDString = 028FF0A22A184F080058EB57;
			remoteInfo = Traces;
		};
/* End PBXContainerItemProxy section */

/* Begin PBXFileReference section */
		020D9C412A4E3A3200958A6D /* AccountView.swift */ = {isa = PBXFileReference; lastKnownFileType = sourcecode.swift; path = AccountView.swift; sourceTree = "<group>"; };
		0219261C2A2FD7BC00B1B314 /* TraceDetailView.swift */ = {isa = PBXFileReference; lastKnownFileType = sourcecode.swift; path = TraceDetailView.swift; sourceTree = "<group>"; };
		0219261E2A2FD90100B1B314 /* Trace.swift */ = {isa = PBXFileReference; lastKnownFileType = sourcecode.swift; path = Trace.swift; sourceTree = "<group>"; };
		021D2C1F2A23F4CF001BCA8D /* TraceTile.swift */ = {isa = PBXFileReference; lastKnownFileType = sourcecode.swift; path = TraceTile.swift; sourceTree = "<group>"; };
		02376E0C2A3E0B7200257B5D /* LocationManager.swift */ = {isa = PBXFileReference; lastKnownFileType = sourcecode.swift; path = LocationManager.swift; sourceTree = "<group>"; };
		02376E0F2A3F70C700257B5D /* ThemeManager.swift */ = {isa = PBXFileReference; lastKnownFileType = sourcecode.swift; path = ThemeManager.swift; sourceTree = "<group>"; };
		0243FC632A324180007D097D /* SupabaseManager.swift */ = {isa = PBXFileReference; lastKnownFileType = sourcecode.swift; path = SupabaseManager.swift; sourceTree = "<group>"; };
		0243FC672A327463007D097D /* _Secrets.swift */ = {isa = PBXFileReference; lastKnownFileType = sourcecode.swift; path = _Secrets.swift; sourceTree = "<group>"; };
		0243FC732A328E9B007D097D /* ProfileView.swift */ = {isa = PBXFileReference; lastKnownFileType = sourcecode.swift; path = ProfileView.swift; sourceTree = "<group>"; };
		026BB76F2A3BA144000B765E /* CategoryTag.swift */ = {isa = PBXFileReference; lastKnownFileType = sourcecode.swift; path = CategoryTag.swift; sourceTree = "<group>"; };
		028250A92A39017B00B281DA /* MapBox.swift */ = {isa = PBXFileReference; lastKnownFileType = sourcecode.swift; path = MapBox.swift; sourceTree = "<group>"; };
		028634FF2A18533700BCDF35 /* SettingsView.swift */ = {isa = PBXFileReference; lastKnownFileType = sourcecode.swift; path = SettingsView.swift; sourceTree = "<group>"; };
		028635072A18544800BCDF35 /* MapPageView.swift */ = {isa = PBXFileReference; lastKnownFileType = sourcecode.swift; path = MapPageView.swift; sourceTree = "<group>"; };
		0286350F2A18566600BCDF35 /* HomeView.swift */ = {isa = PBXFileReference; lastKnownFileType = sourcecode.swift; path = HomeView.swift; sourceTree = "<group>"; };
		0287BE112A350484006B9CCD /* CircularProgressView.swift */ = {isa = PBXFileReference; lastKnownFileType = sourcecode.swift; path = CircularProgressView.swift; sourceTree = "<group>"; };
		028BA33D2A377C44000BD0C0 /* CustomTabBarView.swift */ = {isa = PBXFileReference; lastKnownFileType = sourcecode.swift; path = CustomTabBarView.swift; sourceTree = "<group>"; };
		028BA33F2A3791FF000BD0C0 /* FilterDropdown.swift */ = {isa = PBXFileReference; lastKnownFileType = sourcecode.swift; path = FilterDropdown.swift; sourceTree = "<group>"; };
		028BA3452A38FC4B000BD0C0 /* Info.plist */ = {isa = PBXFileReference; lastKnownFileType = text.plist; path = Info.plist; sourceTree = "<group>"; };
		028FF0A32A184F080058EB57 /* Traces.app */ = {isa = PBXFileReference; explicitFileType = wrapper.application; includeInIndex = 0; path = Traces.app; sourceTree = BUILT_PRODUCTS_DIR; };
		028FF0A62A184F080058EB57 /* TracesApp.swift */ = {isa = PBXFileReference; lastKnownFileType = sourcecode.swift; path = TracesApp.swift; sourceTree = "<group>"; };
		028FF0A82A184F080058EB57 /* ContentView.swift */ = {isa = PBXFileReference; lastKnownFileType = sourcecode.swift; path = ContentView.swift; sourceTree = "<group>"; };
		028FF0AA2A184F090058EB57 /* Assets.xcassets */ = {isa = PBXFileReference; lastKnownFileType = folder.assetcatalog; path = Assets.xcassets; sourceTree = "<group>"; };
		028FF0AD2A184F090058EB57 /* Preview Assets.xcassets */ = {isa = PBXFileReference; lastKnownFileType = folder.assetcatalog; path = "Preview Assets.xcassets"; sourceTree = "<group>"; };
		028FF0B82A184F090058EB57 /* TracesTests.xctest */ = {isa = PBXFileReference; explicitFileType = wrapper.cfbundle; includeInIndex = 0; path = TracesTests.xctest; sourceTree = BUILT_PRODUCTS_DIR; };
		028FF0BC2A184F090058EB57 /* TracesTests.swift */ = {isa = PBXFileReference; lastKnownFileType = sourcecode.swift; path = TracesTests.swift; sourceTree = "<group>"; };
		028FF0C22A184F090058EB57 /* TracesUITests.xctest */ = {isa = PBXFileReference; explicitFileType = wrapper.cfbundle; includeInIndex = 0; path = TracesUITests.xctest; sourceTree = BUILT_PRODUCTS_DIR; };
		028FF0C62A184F090058EB57 /* TracesUITests.swift */ = {isa = PBXFileReference; lastKnownFileType = sourcecode.swift; path = TracesUITests.swift; sourceTree = "<group>"; };
		028FF0C82A184F090058EB57 /* TracesUITestsLaunchTests.swift */ = {isa = PBXFileReference; lastKnownFileType = sourcecode.swift; path = TracesUITestsLaunchTests.swift; sourceTree = "<group>"; };
		02952D732A1E88D100793283 /* NewTracePopup.swift */ = {isa = PBXFileReference; lastKnownFileType = sourcecode.swift; path = NewTracePopup.swift; sourceTree = "<group>"; };
		02956F2A2A4B56AB00E8537C /* AuthView.swift */ = {isa = PBXFileReference; lastKnownFileType = sourcecode.swift; path = AuthView.swift; sourceTree = "<group>"; };
		02956F2E2A4B57FF00E8537C /* AuthManager.swift */ = {isa = PBXFileReference; lastKnownFileType = sourcecode.swift; path = AuthManager.swift; sourceTree = "<group>"; };
/* End PBXFileReference section */

/* Begin PBXFrameworksBuildPhase section */
		028FF0A02A184F080058EB57 /* Frameworks */ = {
			isa = PBXFrameworksBuildPhase;
			buildActionMask = 2147483647;
			files = (
				028250A82A38FE8300B281DA /* MapboxMaps in Frameworks */,
				0243FC622A324007007D097D /* Supabase in Frameworks */,
				02952D722A1E85C900793283 /* PopupView in Frameworks */,
				02956F292A4B50BE00E8537C /* MapboxStatic in Frameworks */,
			);
			runOnlyForDeploymentPostprocessing = 0;
		};
		028FF0B52A184F090058EB57 /* Frameworks */ = {
			isa = PBXFrameworksBuildPhase;
			buildActionMask = 2147483647;
			files = (
			);
			runOnlyForDeploymentPostprocessing = 0;
		};
		028FF0BF2A184F090058EB57 /* Frameworks */ = {
			isa = PBXFrameworksBuildPhase;
			buildActionMask = 2147483647;
			files = (
			);
			runOnlyForDeploymentPostprocessing = 0;
		};
/* End PBXFrameworksBuildPhase section */

/* Begin PBXGroup section */
		028FF09A2A184F080058EB57 = {
			isa = PBXGroup;
			children = (
				028FF0A52A184F080058EB57 /* Traces */,
				028FF0BB2A184F090058EB57 /* TracesTests */,
				028FF0C52A184F090058EB57 /* TracesUITests */,
				028FF0A42A184F080058EB57 /* Products */,
			);
			sourceTree = "<group>";
		};
		028FF0A42A184F080058EB57 /* Products */ = {
			isa = PBXGroup;
			children = (
				028FF0A32A184F080058EB57 /* Traces.app */,
				028FF0B82A184F090058EB57 /* TracesTests.xctest */,
				028FF0C22A184F090058EB57 /* TracesUITests.xctest */,
			);
			name = Products;
			sourceTree = "<group>";
		};
		028FF0A52A184F080058EB57 /* Traces */ = {
			isa = PBXGroup;
			children = (
				028FF0A62A184F080058EB57 /* TracesApp.swift */,
				028FF0A82A184F080058EB57 /* ContentView.swift */,
				0286350F2A18566600BCDF35 /* HomeView.swift */,
				028635072A18544800BCDF35 /* MapPageView.swift */,
				0243FC732A328E9B007D097D /* ProfileView.swift */,
				028634FF2A18533700BCDF35 /* SettingsView.swift */,
				02956F2A2A4B56AB00E8537C /* AuthView.swift */,
				026BB76F2A3BA144000B765E /* CategoryTag.swift */,
				0287BE112A350484006B9CCD /* CircularProgressView.swift */,
				028BA33D2A377C44000BD0C0 /* CustomTabBarView.swift */,
				028BA33F2A3791FF000BD0C0 /* FilterDropdown.swift */,
				02952D732A1E88D100793283 /* NewTracePopup.swift */,
				0219261C2A2FD7BC00B1B314 /* TraceDetailView.swift */,
				021D2C1F2A23F4CF001BCA8D /* TraceTile.swift */,
				028250A92A39017B00B281DA /* MapBox.swift */,
				02956F2E2A4B57FF00E8537C /* AuthManager.swift */,
				0243FC632A324180007D097D /* SupabaseManager.swift */,
				020D9C412A4E3A3200958A6D /* AccountView.swift */,
				02376E0C2A3E0B7200257B5D /* LocationManager.swift */,
				02376E0F2A3F70C700257B5D /* ThemeManager.swift */,
				0219261E2A2FD90100B1B314 /* Trace.swift */,
				028FF0AC2A184F090058EB57 /* Preview Content */,
				028FF0AA2A184F090058EB57 /* Assets.xcassets */,
				028BA3452A38FC4B000BD0C0 /* Info.plist */,
				0243FC672A327463007D097D /* _Secrets.swift */,
			);
			path = Traces;
			sourceTree = "<group>";
		};
		028FF0AC2A184F090058EB57 /* Preview Content */ = {
			isa = PBXGroup;
			children = (
				028FF0AD2A184F090058EB57 /* Preview Assets.xcassets */,
			);
			path = "Preview Content";
			sourceTree = "<group>";
		};
		028FF0BB2A184F090058EB57 /* TracesTests */ = {
			isa = PBXGroup;
			children = (
				028FF0BC2A184F090058EB57 /* TracesTests.swift */,
			);
			path = TracesTests;
			sourceTree = "<group>";
		};
		028FF0C52A184F090058EB57 /* TracesUITests */ = {
			isa = PBXGroup;
			children = (
				028FF0C62A184F090058EB57 /* TracesUITests.swift */,
				028FF0C82A184F090058EB57 /* TracesUITestsLaunchTests.swift */,
			);
			path = TracesUITests;
			sourceTree = "<group>";
		};
/* End PBXGroup section */

/* Begin PBXNativeTarget section */
		028FF0A22A184F080058EB57 /* Traces */ = {
			isa = PBXNativeTarget;
			buildConfigurationList = 028FF0CC2A184F090058EB57 /* Build configuration list for PBXNativeTarget "Traces" */;
			buildPhases = (
				028FF09F2A184F080058EB57 /* Sources */,
				028FF0A02A184F080058EB57 /* Frameworks */,
				028FF0A12A184F080058EB57 /* Resources */,
			);
			buildRules = (
			);
			dependencies = (
			);
			name = Traces;
			packageProductDependencies = (
				02952D712A1E85C900793283 /* PopupView */,
				0243FC612A324007007D097D /* Supabase */,
				028250A72A38FE8300B281DA /* MapboxMaps */,
				02956F282A4B50BE00E8537C /* MapboxStatic */,
			);
			productName = Traces;
			productReference = 028FF0A32A184F080058EB57 /* Traces.app */;
			productType = "com.apple.product-type.application";
		};
		028FF0B72A184F090058EB57 /* TracesTests */ = {
			isa = PBXNativeTarget;
			buildConfigurationList = 028FF0CF2A184F090058EB57 /* Build configuration list for PBXNativeTarget "TracesTests" */;
			buildPhases = (
				028FF0B42A184F090058EB57 /* Sources */,
				028FF0B52A184F090058EB57 /* Frameworks */,
				028FF0B62A184F090058EB57 /* Resources */,
			);
			buildRules = (
			);
			dependencies = (
				028FF0BA2A184F090058EB57 /* PBXTargetDependency */,
			);
			name = TracesTests;
			productName = TracesTests;
			productReference = 028FF0B82A184F090058EB57 /* TracesTests.xctest */;
			productType = "com.apple.product-type.bundle.unit-test";
		};
		028FF0C12A184F090058EB57 /* TracesUITests */ = {
			isa = PBXNativeTarget;
			buildConfigurationList = 028FF0D22A184F090058EB57 /* Build configuration list for PBXNativeTarget "TracesUITests" */;
			buildPhases = (
				028FF0BE2A184F090058EB57 /* Sources */,
				028FF0BF2A184F090058EB57 /* Frameworks */,
				028FF0C02A184F090058EB57 /* Resources */,
			);
			buildRules = (
			);
			dependencies = (
				028FF0C42A184F090058EB57 /* PBXTargetDependency */,
			);
			name = TracesUITests;
			productName = TracesUITests;
			productReference = 028FF0C22A184F090058EB57 /* TracesUITests.xctest */;
			productType = "com.apple.product-type.bundle.ui-testing";
		};
/* End PBXNativeTarget section */

/* Begin PBXProject section */
		028FF09B2A184F080058EB57 /* Project object */ = {
			isa = PBXProject;
			attributes = {
				BuildIndependentTargetsInParallel = 1;
				LastSwiftUpdateCheck = 1430;
				LastUpgradeCheck = 1430;
				TargetAttributes = {
					028FF0A22A184F080058EB57 = {
						CreatedOnToolsVersion = 14.3;
					};
					028FF0B72A184F090058EB57 = {
						CreatedOnToolsVersion = 14.3;
						TestTargetID = 028FF0A22A184F080058EB57;
					};
					028FF0C12A184F090058EB57 = {
						CreatedOnToolsVersion = 14.3;
						TestTargetID = 028FF0A22A184F080058EB57;
					};
				};
			};
			buildConfigurationList = 028FF09E2A184F080058EB57 /* Build configuration list for PBXProject "Traces" */;
			compatibilityVersion = "Xcode 14.0";
			developmentRegion = en;
			hasScannedForEncodings = 0;
			knownRegions = (
				en,
				Base,
			);
			mainGroup = 028FF09A2A184F080058EB57;
			packageReferences = (
				02952D702A1E85C900793283 /* XCRemoteSwiftPackageReference "PopupView" */,
				0243FC602A324007007D097D /* XCRemoteSwiftPackageReference "supabase-swift" */,
				028250A62A38FE8300B281DA /* XCRemoteSwiftPackageReference "mapbox-maps-ios" */,
				02956F272A4B50BE00E8537C /* XCRemoteSwiftPackageReference "MapboxStatic.swift" */,
			);
			productRefGroup = 028FF0A42A184F080058EB57 /* Products */;
			projectDirPath = "";
			projectRoot = "";
			targets = (
				028FF0A22A184F080058EB57 /* Traces */,
				028FF0B72A184F090058EB57 /* TracesTests */,
				028FF0C12A184F090058EB57 /* TracesUITests */,
			);
		};
/* End PBXProject section */

/* Begin PBXResourcesBuildPhase section */
		028FF0A12A184F080058EB57 /* Resources */ = {
			isa = PBXResourcesBuildPhase;
			buildActionMask = 2147483647;
			files = (
				028FF0AE2A184F090058EB57 /* Preview Assets.xcassets in Resources */,
				028FF0AB2A184F090058EB57 /* Assets.xcassets in Resources */,
			);
			runOnlyForDeploymentPostprocessing = 0;
		};
		028FF0B62A184F090058EB57 /* Resources */ = {
			isa = PBXResourcesBuildPhase;
			buildActionMask = 2147483647;
			files = (
			);
			runOnlyForDeploymentPostprocessing = 0;
		};
		028FF0C02A184F090058EB57 /* Resources */ = {
			isa = PBXResourcesBuildPhase;
			buildActionMask = 2147483647;
			files = (
			);
			runOnlyForDeploymentPostprocessing = 0;
		};
/* End PBXResourcesBuildPhase section */

/* Begin PBXSourcesBuildPhase section */
		028FF09F2A184F080058EB57 /* Sources */ = {
			isa = PBXSourcesBuildPhase;
			buildActionMask = 2147483647;
			files = (
				028635002A18533700BCDF35 /* SettingsView.swift in Sources */,
				02956F2F2A4B57FF00E8537C /* AuthManager.swift in Sources */,
				0243FC642A324180007D097D /* SupabaseManager.swift in Sources */,
				0243FC682A327463007D097D /* _Secrets.swift in Sources */,
				020D9C422A4E3A3200958A6D /* AccountView.swift in Sources */,
				0219261D2A2FD7BC00B1B314 /* TraceDetailView.swift in Sources */,
				0219261F2A2FD90100B1B314 /* Trace.swift in Sources */,
				021D2C202A23F4CF001BCA8D /* TraceTile.swift in Sources */,
				028BA3402A3791FF000BD0C0 /* FilterDropdown.swift in Sources */,
				028635102A18566600BCDF35 /* HomeView.swift in Sources */,
				028635082A18544800BCDF35 /* MapPageView.swift in Sources */,
				0287BE122A350484006B9CCD /* CircularProgressView.swift in Sources */,
				02376E0D2A3E0B7200257B5D /* LocationManager.swift in Sources */,
				028250AA2A39017B00B281DA /* MapBox.swift in Sources */,
				028BA33E2A377C44000BD0C0 /* CustomTabBarView.swift in Sources */,
				026BB7702A3BA144000B765E /* CategoryTag.swift in Sources */,
				0243FC742A328E9B007D097D /* ProfileView.swift in Sources */,
				02376E102A3F70C700257B5D /* ThemeManager.swift in Sources */,
				028FF0A92A184F080058EB57 /* ContentView.swift in Sources */,
				02952D742A1E88D100793283 /* NewTracePopup.swift in Sources */,
				02956F2B2A4B56AB00E8537C /* AuthView.swift in Sources */,
				028FF0A72A184F080058EB57 /* TracesApp.swift in Sources */,
			);
			runOnlyForDeploymentPostprocessing = 0;
		};
		028FF0B42A184F090058EB57 /* Sources */ = {
			isa = PBXSourcesBuildPhase;
			buildActionMask = 2147483647;
			files = (
				028FF0BD2A184F090058EB57 /* TracesTests.swift in Sources */,
			);
			runOnlyForDeploymentPostprocessing = 0;
		};
		028FF0BE2A184F090058EB57 /* Sources */ = {
			isa = PBXSourcesBuildPhase;
			buildActionMask = 2147483647;
			files = (
				028FF0C92A184F090058EB57 /* TracesUITestsLaunchTests.swift in Sources */,
				028FF0C72A184F090058EB57 /* TracesUITests.swift in Sources */,
			);
			runOnlyForDeploymentPostprocessing = 0;
		};
/* End PBXSourcesBuildPhase section */

/* Begin PBXTargetDependency section */
		028FF0BA2A184F090058EB57 /* PBXTargetDependency */ = {
			isa = PBXTargetDependency;
			target = 028FF0A22A184F080058EB57 /* Traces */;
			targetProxy = 028FF0B92A184F090058EB57 /* PBXContainerItemProxy */;
		};
		028FF0C42A184F090058EB57 /* PBXTargetDependency */ = {
			isa = PBXTargetDependency;
			target = 028FF0A22A184F080058EB57 /* Traces */;
			targetProxy = 028FF0C32A184F090058EB57 /* PBXContainerItemProxy */;
		};
/* End PBXTargetDependency section */

/* Begin XCBuildConfiguration section */
		028FF0CA2A184F090058EB57 /* Debug */ = {
			isa = XCBuildConfiguration;
			buildSettings = {
				ALWAYS_SEARCH_USER_PATHS = NO;
				CLANG_ANALYZER_NONNULL = YES;
				CLANG_ANALYZER_NUMBER_OBJECT_CONVERSION = YES_AGGRESSIVE;
				CLANG_CXX_LANGUAGE_STANDARD = "gnu++20";
				CLANG_ENABLE_MODULES = YES;
				CLANG_ENABLE_OBJC_ARC = YES;
				CLANG_ENABLE_OBJC_WEAK = YES;
				CLANG_WARN_BLOCK_CAPTURE_AUTORELEASING = YES;
				CLANG_WARN_BOOL_CONVERSION = YES;
				CLANG_WARN_COMMA = YES;
				CLANG_WARN_CONSTANT_CONVERSION = YES;
				CLANG_WARN_DEPRECATED_OBJC_IMPLEMENTATIONS = YES;
				CLANG_WARN_DIRECT_OBJC_ISA_USAGE = YES_ERROR;
				CLANG_WARN_DOCUMENTATION_COMMENTS = YES;
				CLANG_WARN_EMPTY_BODY = YES;
				CLANG_WARN_ENUM_CONVERSION = YES;
				CLANG_WARN_INFINITE_RECURSION = YES;
				CLANG_WARN_INT_CONVERSION = YES;
				CLANG_WARN_NON_LITERAL_NULL_CONVERSION = YES;
				CLANG_WARN_OBJC_IMPLICIT_RETAIN_SELF = YES;
				CLANG_WARN_OBJC_LITERAL_CONVERSION = YES;
				CLANG_WARN_OBJC_ROOT_CLASS = YES_ERROR;
				CLANG_WARN_QUOTED_INCLUDE_IN_FRAMEWORK_HEADER = YES;
				CLANG_WARN_RANGE_LOOP_ANALYSIS = YES;
				CLANG_WARN_STRICT_PROTOTYPES = YES;
				CLANG_WARN_SUSPICIOUS_MOVE = YES;
				CLANG_WARN_UNGUARDED_AVAILABILITY = YES_AGGRESSIVE;
				CLANG_WARN_UNREACHABLE_CODE = YES;
				CLANG_WARN__DUPLICATE_METHOD_MATCH = YES;
				COPY_PHASE_STRIP = NO;
				DEBUG_INFORMATION_FORMAT = dwarf;
				ENABLE_STRICT_OBJC_MSGSEND = YES;
				ENABLE_TESTABILITY = YES;
				GCC_C_LANGUAGE_STANDARD = gnu11;
				GCC_DYNAMIC_NO_PIC = NO;
				GCC_NO_COMMON_BLOCKS = YES;
				GCC_OPTIMIZATION_LEVEL = 0;
				GCC_PREPROCESSOR_DEFINITIONS = (
					"DEBUG=1",
					"$(inherited)",
				);
				GCC_WARN_64_TO_32_BIT_CONVERSION = YES;
				GCC_WARN_ABOUT_RETURN_TYPE = YES_ERROR;
				GCC_WARN_UNDECLARED_SELECTOR = YES;
				GCC_WARN_UNINITIALIZED_AUTOS = YES_AGGRESSIVE;
				GCC_WARN_UNUSED_FUNCTION = YES;
				GCC_WARN_UNUSED_VARIABLE = YES;
				IPHONEOS_DEPLOYMENT_TARGET = 16.4;
				MTL_ENABLE_DEBUG_INFO = INCLUDE_SOURCE;
				MTL_FAST_MATH = YES;
				ONLY_ACTIVE_ARCH = YES;
				SDKROOT = iphoneos;
				SWIFT_ACTIVE_COMPILATION_CONDITIONS = DEBUG;
				SWIFT_OPTIMIZATION_LEVEL = "-Onone";
			};
			name = Debug;
		};
		028FF0CB2A184F090058EB57 /* Release */ = {
			isa = XCBuildConfiguration;
			buildSettings = {
				ALWAYS_SEARCH_USER_PATHS = NO;
				CLANG_ANALYZER_NONNULL = YES;
				CLANG_ANALYZER_NUMBER_OBJECT_CONVERSION = YES_AGGRESSIVE;
				CLANG_CXX_LANGUAGE_STANDARD = "gnu++20";
				CLANG_ENABLE_MODULES = YES;
				CLANG_ENABLE_OBJC_ARC = YES;
				CLANG_ENABLE_OBJC_WEAK = YES;
				CLANG_WARN_BLOCK_CAPTURE_AUTORELEASING = YES;
				CLANG_WARN_BOOL_CONVERSION = YES;
				CLANG_WARN_COMMA = YES;
				CLANG_WARN_CONSTANT_CONVERSION = YES;
				CLANG_WARN_DEPRECATED_OBJC_IMPLEMENTATIONS = YES;
				CLANG_WARN_DIRECT_OBJC_ISA_USAGE = YES_ERROR;
				CLANG_WARN_DOCUMENTATION_COMMENTS = YES;
				CLANG_WARN_EMPTY_BODY = YES;
				CLANG_WARN_ENUM_CONVERSION = YES;
				CLANG_WARN_INFINITE_RECURSION = YES;
				CLANG_WARN_INT_CONVERSION = YES;
				CLANG_WARN_NON_LITERAL_NULL_CONVERSION = YES;
				CLANG_WARN_OBJC_IMPLICIT_RETAIN_SELF = YES;
				CLANG_WARN_OBJC_LITERAL_CONVERSION = YES;
				CLANG_WARN_OBJC_ROOT_CLASS = YES_ERROR;
				CLANG_WARN_QUOTED_INCLUDE_IN_FRAMEWORK_HEADER = YES;
				CLANG_WARN_RANGE_LOOP_ANALYSIS = YES;
				CLANG_WARN_STRICT_PROTOTYPES = YES;
				CLANG_WARN_SUSPICIOUS_MOVE = YES;
				CLANG_WARN_UNGUARDED_AVAILABILITY = YES_AGGRESSIVE;
				CLANG_WARN_UNREACHABLE_CODE = YES;
				CLANG_WARN__DUPLICATE_METHOD_MATCH = YES;
				COPY_PHASE_STRIP = NO;
				DEBUG_INFORMATION_FORMAT = "dwarf-with-dsym";
				ENABLE_NS_ASSERTIONS = NO;
				ENABLE_STRICT_OBJC_MSGSEND = YES;
				GCC_C_LANGUAGE_STANDARD = gnu11;
				GCC_NO_COMMON_BLOCKS = YES;
				GCC_WARN_64_TO_32_BIT_CONVERSION = YES;
				GCC_WARN_ABOUT_RETURN_TYPE = YES_ERROR;
				GCC_WARN_UNDECLARED_SELECTOR = YES;
				GCC_WARN_UNINITIALIZED_AUTOS = YES_AGGRESSIVE;
				GCC_WARN_UNUSED_FUNCTION = YES;
				GCC_WARN_UNUSED_VARIABLE = YES;
				IPHONEOS_DEPLOYMENT_TARGET = 16.4;
				MTL_ENABLE_DEBUG_INFO = NO;
				MTL_FAST_MATH = YES;
				SDKROOT = iphoneos;
				SWIFT_COMPILATION_MODE = wholemodule;
				SWIFT_OPTIMIZATION_LEVEL = "-O";
				VALIDATE_PRODUCT = YES;
			};
			name = Release;
		};
		028FF0CD2A184F090058EB57 /* Debug */ = {
			isa = XCBuildConfiguration;
			buildSettings = {
				ASSETCATALOG_COMPILER_APPICON_NAME = AppIcon;
				ASSETCATALOG_COMPILER_GLOBAL_ACCENT_COLOR_NAME = AccentColor;
				CODE_SIGN_STYLE = Automatic;
				CURRENT_PROJECT_VERSION = 1;
				DEVELOPMENT_ASSET_PATHS = "\"Traces/Preview Content\"";
				DEVELOPMENT_TEAM = 8K35U4GA26;
				ENABLE_PREVIEWS = YES;
				GENERATE_INFOPLIST_FILE = YES;
				INFOPLIST_FILE = Traces/Info.plist;
				INFOPLIST_KEY_UIApplicationSceneManifest_Generation = YES;
				INFOPLIST_KEY_UIApplicationSupportsIndirectInputEvents = YES;
				INFOPLIST_KEY_UILaunchScreen_Generation = YES;
				INFOPLIST_KEY_UISupportedInterfaceOrientations_iPad = "UIInterfaceOrientationPortrait UIInterfaceOrientationPortraitUpsideDown UIInterfaceOrientationLandscapeLeft UIInterfaceOrientationLandscapeRight";
				INFOPLIST_KEY_UISupportedInterfaceOrientations_iPhone = "UIInterfaceOrientationPortrait UIInterfaceOrientationLandscapeLeft UIInterfaceOrientationLandscapeRight";
				LD_RUNPATH_SEARCH_PATHS = (
					"$(inherited)",
					"@executable_path/Frameworks",
				);
				MARKETING_VERSION = 1.0;
				PRODUCT_BUNDLE_IDENTIFIER = com.brycekormylo.Traces;
				PRODUCT_NAME = "$(TARGET_NAME)";
				SWIFT_EMIT_LOC_STRINGS = YES;
				SWIFT_VERSION = 5.0;
				TARGETED_DEVICE_FAMILY = "1,2";
			};
			name = Debug;
		};
		028FF0CE2A184F090058EB57 /* Release */ = {
			isa = XCBuildConfiguration;
			buildSettings = {
				ASSETCATALOG_COMPILER_APPICON_NAME = AppIcon;
				ASSETCATALOG_COMPILER_GLOBAL_ACCENT_COLOR_NAME = AccentColor;
				CODE_SIGN_STYLE = Automatic;
				CURRENT_PROJECT_VERSION = 1;
				DEVELOPMENT_ASSET_PATHS = "\"Traces/Preview Content\"";
				DEVELOPMENT_TEAM = 8K35U4GA26;
				ENABLE_PREVIEWS = YES;
				GENERATE_INFOPLIST_FILE = YES;
				INFOPLIST_FILE = Traces/Info.plist;
				INFOPLIST_KEY_UIApplicationSceneManifest_Generation = YES;
				INFOPLIST_KEY_UIApplicationSupportsIndirectInputEvents = YES;
				INFOPLIST_KEY_UILaunchScreen_Generation = YES;
				INFOPLIST_KEY_UISupportedInterfaceOrientations_iPad = "UIInterfaceOrientationPortrait UIInterfaceOrientationPortraitUpsideDown UIInterfaceOrientationLandscapeLeft UIInterfaceOrientationLandscapeRight";
				INFOPLIST_KEY_UISupportedInterfaceOrientations_iPhone = "UIInterfaceOrientationPortrait UIInterfaceOrientationLandscapeLeft UIInterfaceOrientationLandscapeRight";
				LD_RUNPATH_SEARCH_PATHS = (
					"$(inherited)",
					"@executable_path/Frameworks",
				);
				MARKETING_VERSION = 1.0;
				PRODUCT_BUNDLE_IDENTIFIER = com.brycekormylo.Traces;
				PRODUCT_NAME = "$(TARGET_NAME)";
				SWIFT_EMIT_LOC_STRINGS = YES;
				SWIFT_VERSION = 5.0;
				TARGETED_DEVICE_FAMILY = "1,2";
			};
			name = Release;
		};
		028FF0D02A184F090058EB57 /* Debug */ = {
			isa = XCBuildConfiguration;
			buildSettings = {
				ALWAYS_EMBED_SWIFT_STANDARD_LIBRARIES = YES;
				BUNDLE_LOADER = "$(TEST_HOST)";
				CODE_SIGN_STYLE = Automatic;
				CURRENT_PROJECT_VERSION = 1;
				DEVELOPMENT_TEAM = 8K35U4GA26;
				GENERATE_INFOPLIST_FILE = YES;
				IPHONEOS_DEPLOYMENT_TARGET = 16.4;
				MARKETING_VERSION = 1.0;
				PRODUCT_BUNDLE_IDENTIFIER = com.brycekormylo.TracesTests;
				PRODUCT_NAME = "$(TARGET_NAME)";
				SWIFT_EMIT_LOC_STRINGS = NO;
				SWIFT_VERSION = 5.0;
				TARGETED_DEVICE_FAMILY = "1,2";
				TEST_HOST = "$(BUILT_PRODUCTS_DIR)/Traces.app/$(BUNDLE_EXECUTABLE_FOLDER_PATH)/Traces";
			};
			name = Debug;
		};
		028FF0D12A184F090058EB57 /* Release */ = {
			isa = XCBuildConfiguration;
			buildSettings = {
				ALWAYS_EMBED_SWIFT_STANDARD_LIBRARIES = YES;
				BUNDLE_LOADER = "$(TEST_HOST)";
				CODE_SIGN_STYLE = Automatic;
				CURRENT_PROJECT_VERSION = 1;
				DEVELOPMENT_TEAM = 8K35U4GA26;
				GENERATE_INFOPLIST_FILE = YES;
				IPHONEOS_DEPLOYMENT_TARGET = 16.4;
				MARKETING_VERSION = 1.0;
				PRODUCT_BUNDLE_IDENTIFIER = com.brycekormylo.TracesTests;
				PRODUCT_NAME = "$(TARGET_NAME)";
				SWIFT_EMIT_LOC_STRINGS = NO;
				SWIFT_VERSION = 5.0;
				TARGETED_DEVICE_FAMILY = "1,2";
				TEST_HOST = "$(BUILT_PRODUCTS_DIR)/Traces.app/$(BUNDLE_EXECUTABLE_FOLDER_PATH)/Traces";
			};
			name = Release;
		};
		028FF0D32A184F090058EB57 /* Debug */ = {
			isa = XCBuildConfiguration;
			buildSettings = {
				ALWAYS_EMBED_SWIFT_STANDARD_LIBRARIES = YES;
				CODE_SIGN_STYLE = Automatic;
				CURRENT_PROJECT_VERSION = 1;
				DEVELOPMENT_TEAM = 8K35U4GA26;
				GENERATE_INFOPLIST_FILE = YES;
				MARKETING_VERSION = 1.0;
				PRODUCT_BUNDLE_IDENTIFIER = com.brycekormylo.TracesUITests;
				PRODUCT_NAME = "$(TARGET_NAME)";
				SWIFT_EMIT_LOC_STRINGS = NO;
				SWIFT_VERSION = 5.0;
				TARGETED_DEVICE_FAMILY = "1,2";
				TEST_TARGET_NAME = Traces;
			};
			name = Debug;
		};
		028FF0D42A184F090058EB57 /* Release */ = {
			isa = XCBuildConfiguration;
			buildSettings = {
				ALWAYS_EMBED_SWIFT_STANDARD_LIBRARIES = YES;
				CODE_SIGN_STYLE = Automatic;
				CURRENT_PROJECT_VERSION = 1;
				DEVELOPMENT_TEAM = 8K35U4GA26;
				GENERATE_INFOPLIST_FILE = YES;
				MARKETING_VERSION = 1.0;
				PRODUCT_BUNDLE_IDENTIFIER = com.brycekormylo.TracesUITests;
				PRODUCT_NAME = "$(TARGET_NAME)";
				SWIFT_EMIT_LOC_STRINGS = NO;
				SWIFT_VERSION = 5.0;
				TARGETED_DEVICE_FAMILY = "1,2";
				TEST_TARGET_NAME = Traces;
			};
			name = Release;
		};
/* End XCBuildConfiguration section */

/* Begin XCConfigurationList section */
		028FF09E2A184F080058EB57 /* Build configuration list for PBXProject "Traces" */ = {
			isa = XCConfigurationList;
			buildConfigurations = (
				028FF0CA2A184F090058EB57 /* Debug */,
				028FF0CB2A184F090058EB57 /* Release */,
			);
			defaultConfigurationIsVisible = 0;
			defaultConfigurationName = Release;
		};
		028FF0CC2A184F090058EB57 /* Build configuration list for PBXNativeTarget "Traces" */ = {
			isa = XCConfigurationList;
			buildConfigurations = (
				028FF0CD2A184F090058EB57 /* Debug */,
				028FF0CE2A184F090058EB57 /* Release */,
			);
			defaultConfigurationIsVisible = 0;
			defaultConfigurationName = Release;
		};
		028FF0CF2A184F090058EB57 /* Build configuration list for PBXNativeTarget "TracesTests" */ = {
			isa = XCConfigurationList;
			buildConfigurations = (
				028FF0D02A184F090058EB57 /* Debug */,
				028FF0D12A184F090058EB57 /* Release */,
			);
			defaultConfigurationIsVisible = 0;
			defaultConfigurationName = Release;
		};
		028FF0D22A184F090058EB57 /* Build configuration list for PBXNativeTarget "TracesUITests" */ = {
			isa = XCConfigurationList;
			buildConfigurations = (
				028FF0D32A184F090058EB57 /* Debug */,
				028FF0D42A184F090058EB57 /* Release */,
			);
			defaultConfigurationIsVisible = 0;
			defaultConfigurationName = Release;
		};
/* End XCConfigurationList section */

/* Begin XCRemoteSwiftPackageReference section */
		0243FC602A324007007D097D /* XCRemoteSwiftPackageReference "supabase-swift" */ = {
			isa = XCRemoteSwiftPackageReference;
			repositoryURL = "https://github.com/supabase/supabase-swift.git";
			requirement = {
				kind = upToNextMajorVersion;
				minimumVersion = 0.2.1;
			};
		};
		028250A62A38FE8300B281DA /* XCRemoteSwiftPackageReference "mapbox-maps-ios" */ = {
			isa = XCRemoteSwiftPackageReference;
			repositoryURL = "https://github.com/mapbox/mapbox-maps-ios.git";
			requirement = {
				kind = exactVersion;
				version = 10.13.1;
			};
		};
		02952D702A1E85C900793283 /* XCRemoteSwiftPackageReference "PopupView" */ = {
			isa = XCRemoteSwiftPackageReference;
			repositoryURL = "https://github.com/Mijick/PopupView.git";
			requirement = {
				kind = upToNextMajorVersion;
				minimumVersion = 1.0.0;
			};
		};
		02956F272A4B50BE00E8537C /* XCRemoteSwiftPackageReference "MapboxStatic.swift" */ = {
			isa = XCRemoteSwiftPackageReference;
			repositoryURL = "https://github.com/mapbox/MapboxStatic.swift.git";
			requirement = {
				kind = upToNextMajorVersion;
				minimumVersion = 0.4.0;
			};
		};
/* End XCRemoteSwiftPackageReference section */

/* Begin XCSwiftPackageProductDependency section */
		0243FC612A324007007D097D /* Supabase */ = {
			isa = XCSwiftPackageProductDependency;
			package = 0243FC602A324007007D097D /* XCRemoteSwiftPackageReference "supabase-swift" */;
			productName = Supabase;
		};
		028250A72A38FE8300B281DA /* MapboxMaps */ = {
			isa = XCSwiftPackageProductDependency;
			package = 028250A62A38FE8300B281DA /* XCRemoteSwiftPackageReference "mapbox-maps-ios" */;
			productName = MapboxMaps;
		};
		02952D712A1E85C900793283 /* PopupView */ = {
			isa = XCSwiftPackageProductDependency;
			package = 02952D702A1E85C900793283 /* XCRemoteSwiftPackageReference "PopupView" */;
			productName = PopupView;
		};
		02956F282A4B50BE00E8537C /* MapboxStatic */ = {
			isa = XCSwiftPackageProductDependency;
			package = 02956F272A4B50BE00E8537C /* XCRemoteSwiftPackageReference "MapboxStatic.swift" */;
			productName = MapboxStatic;
		};
/* End XCSwiftPackageProductDependency section */
	};
	rootObject = 028FF09B2A184F080058EB57 /* Project object */;
}
